
Microsoft Visual Studio Solution File, Format Version 12.00
# Visual Studio Version 17
VisualStudioVersion = 17.0.31919.166
MinimumVisualStudioVersion = 10.0.40219.1
Project("{FAE04EC0-301F-11D3-BF4B-00C04F79EFBC}") = "Vigenere", "Vigenere\Vigenere.csproj", "{4A1543D6-F211-4EC3-AADC-4C9D06351D2E}"
EndProject
Global
	GlobalSection(SolutionConfigurationPlatforms) = preSolution
		Debug|Any CPU = Debug|Any CPU
		Release|Any CPU = Release|Any CPU
	EndGlobalSection
	GlobalSection(ProjectConfigurationPlatforms) = postSolution
		{4A1543D6-F211-4EC3-AADC-4C9D06351D2E}.Debug|Any CPU.ActiveCfg = Debug|Any CPU
		{4A1543D6-F211-4EC3-AADC-4C9D06351D2E}.Debug|Any CPU.Build.0 = Debug|Any CPU
		{4A1543D6-F211-4EC3-AADC-4C9D06351D2E}.Release|Any CPU.ActiveCfg = Release|Any CPU
		{4A1543D6-F211-4EC3-AADC-4C9D06351D2E}.Release|Any CPU.Build.0 = Release|Any CPU
	EndGlobalSection
	GlobalSection(SolutionProperties) = preSolution
		HideSolutionNode = FALSE
	EndGlobalSection
	GlobalSection(ExtensibilityGlobals) = postSolution
		SolutionGuid = {165DDF3F-BB19-46EC-B058-8CB63538C170}
	EndGlobalSection
EndGlobal
